// !$*UTF8*$!
{
	archiveVersion = 1;
	classes = {
	};
	objectVersion = 46;
	objects = {

/* Begin PBXBuildFile section */
		A3DC636518549BE30091E002 /* Foundation.framework in Frameworks */ = {isa = PBXBuildFile; fileRef = A3DC636418549BE30091E002 /* Foundation.framework */; };
		A3DC636718549BE30091E002 /* CoreGraphics.framework in Frameworks */ = {isa = PBXBuildFile; fileRef = A3DC636618549BE30091E002 /* CoreGraphics.framework */; };
		A3DC636918549BE30091E002 /* UIKit.framework in Frameworks */ = {isa = PBXBuildFile; fileRef = A3DC636818549BE30091E002 /* UIKit.framework */; };
		A3DC636F18549BE30091E002 /* InfoPlist.strings in Resources */ = {isa = PBXBuildFile; fileRef = A3DC636D18549BE30091E002 /* InfoPlist.strings */; };
		A3DC637118549BE30091E002 /* main.m in Sources */ = {isa = PBXBuildFile; fileRef = A3DC637018549BE30091E002 /* main.m */; };
		A3DC637518549BE30091E002 /* SimpleTableAppDelegate.m in Sources */ = {isa = PBXBuildFile; fileRef = A3DC637418549BE30091E002 /* SimpleTableAppDelegate.m */; };
		A3DC637718549BE30091E002 /* Images.xcassets in Resources */ = {isa = PBXBuildFile; fileRef = A3DC637618549BE30091E002 /* Images.xcassets */; };
		A3DC637E18549BE30091E002 /* XCTest.framework in Frameworks */ = {isa = PBXBuildFile; fileRef = A3DC637D18549BE30091E002 /* XCTest.framework */; };
		A3DC637F18549BE30091E002 /* Foundation.framework in Frameworks */ = {isa = PBXBuildFile; fileRef = A3DC636418549BE30091E002 /* Foundation.framework */; };
		A3DC638018549BE30091E002 /* UIKit.framework in Frameworks */ = {isa = PBXBuildFile; fileRef = A3DC636818549BE30091E002 /* UIKit.framework */; };
		A3DC638818549BE30091E002 /* InfoPlist.strings in Resources */ = {isa = PBXBuildFile; fileRef = A3DC638618549BE30091E002 /* InfoPlist.strings */; };
		A3DC638A18549BE30091E002 /* SimpleTableTests.m in Sources */ = {isa = PBXBuildFile; fileRef = A3DC638918549BE30091E002 /* SimpleTableTests.m */; };
		A3DC639618549C7D0091E002 /* SimpleTableViewController.m in Sources */ = {isa = PBXBuildFile; fileRef = A3DC639418549C7D0091E002 /* SimpleTableViewController.m */; };
		A3DC639718549C7D0091E002 /* SimpleTableViewController.xib in Resources */ = {isa = PBXBuildFile; fileRef = A3DC639518549C7D0091E002 /* SimpleTableViewController.xib */; };
		A3DC63D41855383C0091E002 /* baihuadaxia.jpg in Resources */ = {isa = PBXBuildFile; fileRef = A3DC63CC1855383C0091E002 /* baihuadaxia.jpg */; };
		A3DC63D51855383C0091E002 /* dezhoupaji.jpg in Resources */ = {isa = PBXBuildFile; fileRef = A3DC63CD1855383C0091E002 /* dezhoupaji.jpg */; };
		A3DC63D61855383C0091E002 /* jiuzhuandachang.jpg in Resources */ = {isa = PBXBuildFile; fileRef = A3DC63CE1855383C0091E002 /* jiuzhuandachang.jpg */; };
		A3DC63D71855383C0091E002 /* shenxianyazi.jpeg in Resources */ = {isa = PBXBuildFile; fileRef = A3DC63CF1855383C0091E002 /* shenxianyazi.jpeg */; };
		A3DC63D81855383C0091E002 /* tangbaoshuangcui.jpg in Resources */ = {isa = PBXBuildFile; fileRef = A3DC63D01855383C0091E002 /* tangbaoshuangcui.jpg */; };
		A3DC63D91855383C0091E002 /* tangculiyu.jpg in Resources */ = {isa = PBXBuildFile; fileRef = A3DC63D11855383C0091E002 /* tangculiyu.jpg */; };
		A3DC63DA1855383C0091E002 /* xiehuanghaishen.jpeg in Resources */ = {isa = PBXBuildFile; fileRef = A3DC63D21855383C0091E002 /* xiehuanghaishen.jpeg */; };
		A3DC63DB1855383C0091E002 /* yipindoufu.jpg in Resources */ = {isa = PBXBuildFile; fileRef = A3DC63D31855383C0091E002 /* yipindoufu.jpg */; };
		A3DC63EC185538510091E002 /* angry_birds_cake.jpg in Resources */ = {isa = PBXBuildFile; fileRef = A3DC63DC185538510091E002 /* angry_birds_cake.jpg */; };
		A3DC63ED185538510091E002 /* creme_brelee.jpg in Resources */ = {isa = PBXBuildFile; fileRef = A3DC63DD185538510091E002 /* creme_brelee.jpg */; };
		A3DC63EE185538510091E002 /* egg_benedict.jpg in Resources */ = {isa = PBXBuildFile; fileRef = A3DC63DE185538510091E002 /* egg_benedict.jpg */; };
		A3DC63EF185538510091E002 /* full_breakfast.jpg in Resources */ = {isa = PBXBuildFile; fileRef = A3DC63DF185538510091E002 /* full_breakfast.jpg */; };
		A3DC63F0185538510091E002 /* green_tea.jpg in Resources */ = {isa = PBXBuildFile; fileRef = A3DC63E0185538510091E002 /* green_tea.jpg */; };
		A3DC63F1185538510091E002 /* ham_and_cheese_panini.jpg in Resources */ = {isa = PBXBuildFile; fileRef = A3DC63E1185538510091E002 /* ham_and_cheese_panini.jpg */; };
		A3DC63F2185538510091E002 /* ham_and_egg_sandwich.jpg in Resources */ = {isa = PBXBuildFile; fileRef = A3DC63E2185538510091E002 /* ham_and_egg_sandwich.jpg */; };
		A3DC63F3185538510091E002 /* hamburger.jpg in Resources */ = {isa = PBXBuildFile; fileRef = A3DC63E3185538510091E002 /* hamburger.jpg */; };
		A3DC63F4185538510091E002 /* instant_noodle_with_egg.jpg in Resources */ = {isa = PBXBuildFile; fileRef = A3DC63E4185538510091E002 /* instant_noodle_with_egg.jpg */; };
		A3DC63F5185538510091E002 /* japanese_noodle_with_pork.jpg in Resources */ = {isa = PBXBuildFile; fileRef = A3DC63E5185538510091E002 /* japanese_noodle_with_pork.jpg */; };
		A3DC63F6185538510091E002 /* mushroom_risotto.jpg in Resources */ = {isa = PBXBuildFile; fileRef = A3DC63E6185538510091E002 /* mushroom_risotto.jpg */; };
		A3DC63F7185538510091E002 /* noodle_with_bbq_pork.jpg in Resources */ = {isa = PBXBuildFile; fileRef = A3DC63E7185538510091E002 /* noodle_with_bbq_pork.jpg */; };
		A3DC63F8185538510091E002 /* starbucks_coffee.jpg in Resources */ = {isa = PBXBuildFile; fileRef = A3DC63E8185538510091E002 /* starbucks_coffee.jpg */; };
		A3DC63F9185538510091E002 /* thai_shrimp_cake.jpg in Resources */ = {isa = PBXBuildFile; fileRef = A3DC63E9185538510091E002 /* thai_shrimp_cake.jpg */; };
		A3DC63FA185538510091E002 /* vegetable_curry.jpg in Resources */ = {isa = PBXBuildFile; fileRef = A3DC63EA185538510091E002 /* vegetable_curry.jpg */; };
		A3DC63FB185538510091E002 /* white_chocolate_donut.jpg in Resources */ = {isa = PBXBuildFile; fileRef = A3DC63EB185538510091E002 /* white_chocolate_donut.jpg */; };
/* End PBXBuildFile section */

/* Begin PBXContainerItemProxy section */
		A3DC638118549BE30091E002 /* PBXContainerItemProxy */ = {
			isa = PBXContainerItemProxy;
			containerPortal = A3DC635918549BE30091E002 /* Project object */;
			proxyType = 1;
			remoteGlobalIDString = A3DC636018549BE30091E002;
			remoteInfo = SimpleTable;
		};
/* End PBXContainerItemProxy section */

/* Begin PBXFileReference section */
		A3DC636118549BE30091E002 /* SimpleTable.app */ = {isa = PBXFileReference; explicitFileType = wrapper.application; includeInIndex = 0; path = SimpleTable.app; sourceTree = BUILT_PRODUCTS_DIR; };
		A3DC636418549BE30091E002 /* Foundation.framework */ = {isa = PBXFileReference; lastKnownFileType = wrapper.framework; name = Foundation.framework; path = System/Library/Frameworks/Foundation.framework; sourceTree = SDKROOT; };
		A3DC636618549BE30091E002 /* CoreGraphics.framework */ = {isa = PBXFileReference; lastKnownFileType = wrapper.framework; name = CoreGraphics.framework; path = System/Library/Frameworks/CoreGraphics.framework; sourceTree = SDKROOT; };
		A3DC636818549BE30091E002 /* UIKit.framework */ = {isa = PBXFileReference; lastKnownFileType = wrapper.framework; name = UIKit.framework; path = System/Library/Frameworks/UIKit.framework; sourceTree = SDKROOT; };
		A3DC636C18549BE30091E002 /* SimpleTable-Info.plist */ = {isa = PBXFileReference; lastKnownFileType = text.plist.xml; path = "SimpleTable-Info.plist"; sourceTree = "<group>"; };
		A3DC636E18549BE30091E002 /* en */ = {isa = PBXFileReference; lastKnownFileType = text.plist.strings; name = en; path = en.lproj/InfoPlist.strings; sourceTree = "<group>"; };
		A3DC637018549BE30091E002 /* main.m */ = {isa = PBXFileReference; lastKnownFileType = sourcecode.c.objc; path = main.m; sourceTree = "<group>"; };
		A3DC637218549BE30091E002 /* SimpleTable-Prefix.pch */ = {isa = PBXFileReference; lastKnownFileType = sourcecode.c.h; path = "SimpleTable-Prefix.pch"; sourceTree = "<group>"; };
		A3DC637318549BE30091E002 /* SimpleTableAppDelegate.h */ = {isa = PBXFileReference; lastKnownFileType = sourcecode.c.h; path = SimpleTableAppDelegate.h; sourceTree = "<group>"; };
		A3DC637418549BE30091E002 /* SimpleTableAppDelegate.m */ = {isa = PBXFileReference; lastKnownFileType = sourcecode.c.objc; path = SimpleTableAppDelegate.m; sourceTree = "<group>"; };
		A3DC637618549BE30091E002 /* Images.xcassets */ = {isa = PBXFileReference; lastKnownFileType = folder.assetcatalog; path = Images.xcassets; sourceTree = "<group>"; };
		A3DC637C18549BE30091E002 /* SimpleTableTests.xctest */ = {isa = PBXFileReference; explicitFileType = wrapper.cfbundle; includeInIndex = 0; path = SimpleTableTests.xctest; sourceTree = BUILT_PRODUCTS_DIR; };
		A3DC637D18549BE30091E002 /* XCTest.framework */ = {isa = PBXFileReference; lastKnownFileType = wrapper.framework; name = XCTest.framework; path = Library/Frameworks/XCTest.framework; sourceTree = DEVELOPER_DIR; };
		A3DC638518549BE30091E002 /* SimpleTableTests-Info.plist */ = {isa = PBXFileReference; lastKnownFileType = text.plist.xml; path = "SimpleTableTests-Info.plist"; sourceTree = "<group>"; };
		A3DC638718549BE30091E002 /* en */ = {isa = PBXFileReference; lastKnownFileType = text.plist.strings; name = en; path = en.lproj/InfoPlist.strings; sourceTree = "<group>"; };
		A3DC638918549BE30091E002 /* SimpleTableTests.m */ = {isa = PBXFileReference; lastKnownFileType = sourcecode.c.objc; path = SimpleTableTests.m; sourceTree = "<group>"; };
		A3DC639318549C7D0091E002 /* SimpleTableViewController.h */ = {isa = PBXFileReference; fileEncoding = 4; lastKnownFileType = sourcecode.c.h; path = SimpleTableViewController.h; sourceTree = "<group>"; };
		A3DC639418549C7D0091E002 /* SimpleTableViewController.m */ = {isa = PBXFileReference; fileEncoding = 4; lastKnownFileType = sourcecode.c.objc; path = SimpleTableViewController.m; sourceTree = "<group>"; };
		A3DC639518549C7D0091E002 /* SimpleTableViewController.xib */ = {isa = PBXFileReference; fileEncoding = 4; lastKnownFileType = file.xib; path = SimpleTableViewController.xib; sourceTree = "<group>"; };
		A3DC63CC1855383C0091E002 /* baihuadaxia.jpg */ = {isa = PBXFileReference; lastKnownFileType = image.jpeg; path = baihuadaxia.jpg; sourceTree = "<group>"; };
		A3DC63CD1855383C0091E002 /* dezhoupaji.jpg */ = {isa = PBXFileReference; lastKnownFileType = image.jpeg; path = dezhoupaji.jpg; sourceTree = "<group>"; };
		A3DC63CE1855383C0091E002 /* jiuzhuandachang.jpg */ = {isa = PBXFileReference; lastKnownFileType = image.jpeg; path = jiuzhuandachang.jpg; sourceTree = "<group>"; };
		A3DC63CF1855383C0091E002 /* shenxianyazi.jpeg */ = {isa = PBXFileReference; lastKnownFileType = image.jpeg; path = shenxianyazi.jpeg; sourceTree = "<group>"; };
		A3DC63D01855383C0091E002 /* tangbaoshuangcui.jpg */ = {isa = PBXFileReference; lastKnownFileType = image.jpeg; path = tangbaoshuangcui.jpg; sourceTree = "<group>"; };
		A3DC63D11855383C0091E002 /* tangculiyu.jpg */ = {isa = PBXFileReference; lastKnownFileType = image.jpeg; path = tangculiyu.jpg; sourceTree = "<group>"; };
		A3DC63D21855383C0091E002 /* xiehuanghaishen.jpeg */ = {isa = PBXFileReference; lastKnownFileType = image.jpeg; path = xiehuanghaishen.jpeg; sourceTree = "<group>"; };
		A3DC63D31855383C0091E002 /* yipindoufu.jpg */ = {isa = PBXFileReference; lastKnownFileType = image.jpeg; path = yipindoufu.jpg; sourceTree = "<group>"; };
		A3DC63DC185538510091E002 /* angry_birds_cake.jpg */ = {isa = PBXFileReference; lastKnownFileType = image.jpeg; path = angry_birds_cake.jpg; sourceTree = "<group>"; };
		A3DC63DD185538510091E002 /* creme_brelee.jpg */ = {isa = PBXFileReference; lastKnownFileType = image.jpeg; path = creme_brelee.jpg; sourceTree = "<group>"; };
		A3DC63DE185538510091E002 /* egg_benedict.jpg */ = {isa = PBXFileReference; lastKnownFileType = image.jpeg; path = egg_benedict.jpg; sourceTree = "<group>"; };
		A3DC63DF185538510091E002 /* full_breakfast.jpg */ = {isa = PBXFileReference; lastKnownFileType = image.jpeg; path = full_breakfast.jpg; sourceTree = "<group>"; };
		A3DC63E0185538510091E002 /* green_tea.jpg */ = {isa = PBXFileReference; lastKnownFileType = image.jpeg; path = green_tea.jpg; sourceTree = "<group>"; };
		A3DC63E1185538510091E002 /* ham_and_cheese_panini.jpg */ = {isa = PBXFileReference; lastKnownFileType = image.jpeg; path = ham_and_cheese_panini.jpg; sourceTree = "<group>"; };
		A3DC63E2185538510091E002 /* ham_and_egg_sandwich.jpg */ = {isa = PBXFileReference; lastKnownFileType = image.jpeg; path = ham_and_egg_sandwich.jpg; sourceTree = "<group>"; };
		A3DC63E3185538510091E002 /* hamburger.jpg */ = {isa = PBXFileReference; lastKnownFileType = image.jpeg; path = hamburger.jpg; sourceTree = "<group>"; };
		A3DC63E4185538510091E002 /* instant_noodle_with_egg.jpg */ = {isa = PBXFileReference; lastKnownFileType = image.jpeg; path = instant_noodle_with_egg.jpg; sourceTree = "<group>"; };
		A3DC63E5185538510091E002 /* japanese_noodle_with_pork.jpg */ = {isa = PBXFileReference; lastKnownFileType = image.jpeg; path = japanese_noodle_with_pork.jpg; sourceTree = "<group>"; };
		A3DC63E6185538510091E002 /* mushroom_risotto.jpg */ = {isa = PBXFileReference; lastKnownFileType = image.jpeg; path = mushroom_risotto.jpg; sourceTree = "<group>"; };
		A3DC63E7185538510091E002 /* noodle_with_bbq_pork.jpg */ = {isa = PBXFileReference; lastKnownFileType = image.jpeg; path = noodle_with_bbq_pork.jpg; sourceTree = "<group>"; };
		A3DC63E8185538510091E002 /* starbucks_coffee.jpg */ = {isa = PBXFileReference; lastKnownFileType = image.jpeg; path = starbucks_coffee.jpg; sourceTree = "<group>"; };
		A3DC63E9185538510091E002 /* thai_shrimp_cake.jpg */ = {isa = PBXFileReference; lastKnownFileType = image.jpeg; path = thai_shrimp_cake.jpg; sourceTree = "<group>"; };
		A3DC63EA185538510091E002 /* vegetable_curry.jpg */ = {isa = PBXFileReference; lastKnownFileType = image.jpeg; path = vegetable_curry.jpg; sourceTree = "<group>"; };
		A3DC63EB185538510091E002 /* white_chocolate_donut.jpg */ = {isa = PBXFileReference; lastKnownFileType = image.jpeg; path = white_chocolate_donut.jpg; sourceTree = "<group>"; };
/* End PBXFileReference section */

/* Begin PBXFrameworksBuildPhase section */
		A3DC635E18549BE30091E002 /* Frameworks */ = {
			isa = PBXFrameworksBuildPhase;
			buildActionMask = 2147483647;
			files = (
				A3DC636718549BE30091E002 /* CoreGraphics.framework in Frameworks */,
				A3DC636918549BE30091E002 /* UIKit.framework in Frameworks */,
				A3DC636518549BE30091E002 /* Foundation.framework in Frameworks */,
			);
			runOnlyForDeploymentPostprocessing = 0;
		};
		A3DC637918549BE30091E002 /* Frameworks */ = {
			isa = PBXFrameworksBuildPhase;
			buildActionMask = 2147483647;
			files = (
				A3DC637E18549BE30091E002 /* XCTest.framework in Frameworks */,
				A3DC638018549BE30091E002 /* UIKit.framework in Frameworks */,
				A3DC637F18549BE30091E002 /* Foundation.framework in Frameworks */,
			);
			runOnlyForDeploymentPostprocessing = 0;
		};
/* End PBXFrameworksBuildPhase section */

/* Begin PBXGroup section */
		A3DC635818549BE30091E002 = {
			isa = PBXGroup;
			children = (
				A3DC636A18549BE30091E002 /* SimpleTable */,
				A3DC638318549BE30091E002 /* SimpleTableTests */,
				A3DC636318549BE30091E002 /* Frameworks */,
				A3DC636218549BE30091E002 /* Products */,
			);
			sourceTree = "<group>";
		};
		A3DC636218549BE30091E002 /* Products */ = {
			isa = PBXGroup;
			children = (
				A3DC636118549BE30091E002 /* SimpleTable.app */,
				A3DC637C18549BE30091E002 /* SimpleTableTests.xctest */,
			);
			name = Products;
			sourceTree = "<group>";
		};
		A3DC636318549BE30091E002 /* Frameworks */ = {
			isa = PBXGroup;
			children = (
				A3DC636418549BE30091E002 /* Foundation.framework */,
				A3DC636618549BE30091E002 /* CoreGraphics.framework */,
				A3DC636818549BE30091E002 /* UIKit.framework */,
				A3DC637D18549BE30091E002 /* XCTest.framework */,
			);
			name = Frameworks;
			sourceTree = "<group>";
		};
		A3DC636A18549BE30091E002 /* SimpleTable */ = {
			isa = PBXGroup;
			children = (
				A3DC63DC185538510091E002 /* angry_birds_cake.jpg */,
				A3DC63DD185538510091E002 /* creme_brelee.jpg */,
				A3DC63DE185538510091E002 /* egg_benedict.jpg */,
				A3DC63DF185538510091E002 /* full_breakfast.jpg */,
				A3DC63E0185538510091E002 /* green_tea.jpg */,
				A3DC63E1185538510091E002 /* ham_and_cheese_panini.jpg */,
				A3DC63E2185538510091E002 /* ham_and_egg_sandwich.jpg */,
				A3DC63E3185538510091E002 /* hamburger.jpg */,
				A3DC63E4185538510091E002 /* instant_noodle_with_egg.jpg */,
				A3DC63E5185538510091E002 /* japanese_noodle_with_pork.jpg */,
				A3DC63E6185538510091E002 /* mushroom_risotto.jpg */,
				A3DC63E7185538510091E002 /* noodle_with_bbq_pork.jpg */,
				A3DC63E8185538510091E002 /* starbucks_coffee.jpg */,
				A3DC63E9185538510091E002 /* thai_shrimp_cake.jpg */,
				A3DC63EA185538510091E002 /* vegetable_curry.jpg */,
				A3DC63EB185538510091E002 /* white_chocolate_donut.jpg */,
				A3DC63CC1855383C0091E002 /* baihuadaxia.jpg */,
				A3DC63CD1855383C0091E002 /* dezhoupaji.jpg */,
				A3DC63CE1855383C0091E002 /* jiuzhuandachang.jpg */,
				A3DC63CF1855383C0091E002 /* shenxianyazi.jpeg */,
				A3DC63D01855383C0091E002 /* tangbaoshuangcui.jpg */,
				A3DC63D11855383C0091E002 /* tangculiyu.jpg */,
				A3DC63D21855383C0091E002 /* xiehuanghaishen.jpeg */,
				A3DC63D31855383C0091E002 /* yipindoufu.jpg */,
				A3DC637318549BE30091E002 /* SimpleTableAppDelegate.h */,
				A3DC637418549BE30091E002 /* SimpleTableAppDelegate.m */,
				A3DC637618549BE30091E002 /* Images.xcassets */,
				A3DC636B18549BE30091E002 /* Supporting Files */,
				A3DC639318549C7D0091E002 /* SimpleTableViewController.h */,
				A3DC639418549C7D0091E002 /* SimpleTableViewController.m */,
				A3DC639518549C7D0091E002 /* SimpleTableViewController.xib */,
			);
			path = SimpleTable;
			sourceTree = "<group>";
		};
		A3DC636B18549BE30091E002 /* Supporting Files */ = {
			isa = PBXGroup;
			children = (
				A3DC636C18549BE30091E002 /* SimpleTable-Info.plist */,
				A3DC636D18549BE30091E002 /* InfoPlist.strings */,
				A3DC637018549BE30091E002 /* main.m */,
				A3DC637218549BE30091E002 /* SimpleTable-Prefix.pch */,
			);
			name = "Supporting Files";
			sourceTree = "<group>";
		};
		A3DC638318549BE30091E002 /* SimpleTableTests */ = {
			isa = PBXGroup;
			children = (
				A3DC638918549BE30091E002 /* SimpleTableTests.m */,
				A3DC638418549BE30091E002 /* Supporting Files */,
			);
			path = SimpleTableTests;
			sourceTree = "<group>";
		};
		A3DC638418549BE30091E002 /* Supporting Files */ = {
			isa = PBXGroup;
			children = (
				A3DC638518549BE30091E002 /* SimpleTableTests-Info.plist */,
				A3DC638618549BE30091E002 /* InfoPlist.strings */,
			);
			name = "Supporting Files";
			sourceTree = "<group>";
		};
/* End PBXGroup section */

/* Begin PBXNativeTarget section */
		A3DC636018549BE30091E002 /* SimpleTable */ = {
			isa = PBXNativeTarget;
			buildConfigurationList = A3DC638D18549BE30091E002 /* Build configuration list for PBXNativeTarget "SimpleTable" */;
			buildPhases = (
				A3DC635D18549BE30091E002 /* Sources */,
				A3DC635E18549BE30091E002 /* Frameworks */,
				A3DC635F18549BE30091E002 /* Resources */,
			);
			buildRules = (
			);
			dependencies = (
			);
			name = SimpleTable;
			productName = SimpleTable;
			productReference = A3DC636118549BE30091E002 /* SimpleTable.app */;
			productType = "com.apple.product-type.application";
		};
		A3DC637B18549BE30091E002 /* SimpleTableTests */ = {
			isa = PBXNativeTarget;
			buildConfigurationList = A3DC639018549BE30091E002 /* Build configuration list for PBXNativeTarget "SimpleTableTests" */;
			buildPhases = (
				A3DC637818549BE30091E002 /* Sources */,
				A3DC637918549BE30091E002 /* Frameworks */,
				A3DC637A18549BE30091E002 /* Resources */,
			);
			buildRules = (
			);
			dependencies = (
				A3DC638218549BE30091E002 /* PBXTargetDependency */,
			);
			name = SimpleTableTests;
			productName = SimpleTableTests;
			productReference = A3DC637C18549BE30091E002 /* SimpleTableTests.xctest */;
			productType = "com.apple.product-type.bundle.unit-test";
		};
/* End PBXNativeTarget section */

/* Begin PBXProject section */
		A3DC635918549BE30091E002 /* Project object */ = {
			isa = PBXProject;
			attributes = {
				CLASSPREFIX = SimpleTable;
				LastUpgradeCheck = 0500;
				ORGANIZATIONNAME = cocoaObjectclearnning;
				TargetAttributes = {
					A3DC637B18549BE30091E002 = {
						TestTargetID = A3DC636018549BE30091E002;
					};
				};
			};
			buildConfigurationList = A3DC635C18549BE30091E002 /* Build configuration list for PBXProject "SimpleTable" */;
			compatibilityVersion = "Xcode 3.2";
			developmentRegion = English;
			hasScannedForEncodings = 0;
			knownRegions = (
				en,
			);
			mainGroup = A3DC635818549BE30091E002;
			productRefGroup = A3DC636218549BE30091E002 /* Products */;
			projectDirPath = "";
			projectRoot = "";
			targets = (
				A3DC636018549BE30091E002 /* SimpleTable */,
				A3DC637B18549BE30091E002 /* SimpleTableTests */,
			);
		};
/* End PBXProject section */

/* Begin PBXResourcesBuildPhase section */
		A3DC635F18549BE30091E002 /* Resources */ = {
			isa = PBXResourcesBuildPhase;
			buildActionMask = 2147483647;
			files = (
				A3DC63D91855383C0091E002 /* tangculiyu.jpg in Resources */,
				A3DC63F1185538510091E002 /* ham_and_cheese_panini.jpg in Resources */,
				A3DC63D51855383C0091E002 /* dezhoupaji.jpg in Resources */,
				A3DC63EC185538510091E002 /* angry_birds_cake.jpg in Resources */,
				A3DC639718549C7D0091E002 /* SimpleTableViewController.xib in Resources */,
				A3DC63FA185538510091E002 /* vegetable_curry.jpg in Resources */,
				A3DC63D61855383C0091E002 /* jiuzhuandachang.jpg in Resources */,
				A3DC63F5185538510091E002 /* japanese_noodle_with_pork.jpg in Resources */,
				A3DC63EF185538510091E002 /* full_breakfast.jpg in Resources */,
				A3DC63F0185538510091E002 /* green_tea.jpg in Resources */,
				A3DC63EE185538510091E002 /* egg_benedict.jpg in Resources */,
				A3DC63FB185538510091E002 /* white_chocolate_donut.jpg in Resources */,
				A3DC636F18549BE30091E002 /* InfoPlist.strings in Resources */,
				A3DC63ED185538510091E002 /* creme_brelee.jpg in Resources */,
				A3DC63F8185538510091E002 /* starbucks_coffee.jpg in Resources */,
				A3DC63F9185538510091E002 /* thai_shrimp_cake.jpg in Resources */,
				A3DC63DB1855383C0091E002 /* yipindoufu.jpg in Resources */,
				A3DC63F4185538510091E002 /* instant_noodle_with_egg.jpg in Resources */,
				A3DC63DA1855383C0091E002 /* xiehuanghaishen.jpeg in Resources */,
				A3DC63F2185538510091E002 /* ham_and_egg_sandwich.jpg in Resources */,
				A3DC63F7185538510091E002 /* noodle_with_bbq_pork.jpg in Resources */,
				A3DC637718549BE30091E002 /* Images.xcassets in Resources */,
				A3DC63F3185538510091E002 /* hamburger.jpg in Resources */,
				A3DC63F6185538510091E002 /* mushroom_risotto.jpg in Resources */,
				A3DC63D41855383C0091E002 /* baihuadaxia.jpg in Resources */,
				A3DC63D81855383C0091E002 /* tangbaoshuangcui.jpg in Resources */,
				A3DC63D71855383C0091E002 /* shenxianyazi.jpeg in Resources */,
			);
			runOnlyForDeploymentPostprocessing = 0;
		};
		A3DC637A18549BE30091E002 /* Resources */ = {
			isa = PBXResourcesBuildPhase;
			buildActionMask = 2147483647;
			files = (
				A3DC638818549BE30091E002 /* InfoPlist.strings in Resources */,
			);
			runOnlyForDeploymentPostprocessing = 0;
		};
/* End PBXResourcesBuildPhase section */

/* Begin PBXSourcesBuildPhase section */
		A3DC635D18549BE30091E002 /* Sources */ = {
			isa = PBXSourcesBuildPhase;
			buildActionMask = 2147483647;
			files = (
				A3DC637118549BE30091E002 /* main.m in Sources */,
				A3DC637518549BE30091E002 /* SimpleTableAppDelegate.m in Sources */,
				A3DC639618549C7D0091E002 /* SimpleTableViewController.m in Sources */,
			);
			runOnlyForDeploymentPostprocessing = 0;
		};
		A3DC637818549BE30091E002 /* Sources */ = {
			isa = PBXSourcesBuildPhase;
			buildActionMask = 2147483647;
			files = (
				A3DC638A18549BE30091E002 /* SimpleTableTests.m in Sources */,
			);
			runOnlyForDeploymentPostprocessing = 0;
		};
/* End PBXSourcesBuildPhase section */

/* Begin PBXTargetDependency section */
		A3DC638218549BE30091E002 /* PBXTargetDependency */ = {
			isa = PBXTargetDependency;
			target = A3DC636018549BE30091E002 /* SimpleTable */;
			targetProxy = A3DC638118549BE30091E002 /* PBXContainerItemProxy */;
		};
/* End PBXTargetDependency section */

/* Begin PBXVariantGroup section */
		A3DC636D18549BE30091E002 /* InfoPlist.strings */ = {
			isa = PBXVariantGroup;
			children = (
				A3DC636E18549BE30091E002 /* en */,
			);
			name = InfoPlist.strings;
			sourceTree = "<group>";
		};
		A3DC638618549BE30091E002 /* InfoPlist.strings */ = {
			isa = PBXVariantGroup;
			children = (
				A3DC638718549BE30091E002 /* en */,
			);
			name = InfoPlist.strings;
			sourceTree = "<group>";
		};
/* End PBXVariantGroup section */

/* Begin XCBuildConfiguration section */
		A3DC638B18549BE30091E002 /* Debug */ = {
			isa = XCBuildConfiguration;
			buildSettings = {
				ALWAYS_SEARCH_USER_PATHS = NO;
				ARCHS = "$(ARCHS_STANDARD_INCLUDING_64_BIT)";
				CLANG_CXX_LANGUAGE_STANDARD = "gnu++0x";
				CLANG_CXX_LIBRARY = "libc++";
				CLANG_ENABLE_MODULES = YES;
				CLANG_ENABLE_OBJC_ARC = YES;
				CLANG_WARN_BOOL_CONVERSION = YES;
				CLANG_WARN_CONSTANT_CONVERSION = YES;
				CLANG_WARN_DIRECT_OBJC_ISA_USAGE = YES_ERROR;
				CLANG_WARN_EMPTY_BODY = YES;
				CLANG_WARN_ENUM_CONVERSION = YES;
				CLANG_WARN_INT_CONVERSION = YES;
				CLANG_WARN_OBJC_ROOT_CLASS = YES_ERROR;
				CLANG_WARN__DUPLICATE_METHOD_MATCH = YES;
				"CODE_SIGN_IDENTITY[sdk=iphoneos*]" = "iPhone Developer";
				COPY_PHASE_STRIP = NO;
				GCC_C_LANGUAGE_STANDARD = gnu99;
				GCC_DYNAMIC_NO_PIC = NO;
				GCC_OPTIMIZATION_LEVEL = 0;
				GCC_PREPROCESSOR_DEFINITIONS = (
					"DEBUG=1",
					"$(inherited)",
				);
				GCC_SYMBOLS_PRIVATE_EXTERN = NO;
				GCC_WARN_64_TO_32_BIT_CONVERSION = YES;
				GCC_WARN_ABOUT_RETURN_TYPE = YES_ERROR;
				GCC_WARN_UNDECLARED_SELECTOR = YES;
				GCC_WARN_UNINITIALIZED_AUTOS = YES;
				GCC_WARN_UNUSED_FUNCTION = YES;
				GCC_WARN_UNUSED_VARIABLE = YES;
				IPHONEOS_DEPLOYMENT_TARGET = 7.0;
				ONLY_ACTIVE_ARCH = YES;
				SDKROOT = iphoneos;
			};
			name = Debug;
		};
		A3DC638C18549BE30091E002 /* Release */ = {
			isa = XCBuildConfiguration;
			buildSettings = {
				ALWAYS_SEARCH_USER_PATHS = NO;
				ARCHS = "$(ARCHS_STANDARD_INCLUDING_64_BIT)";
				CLANG_CXX_LANGUAGE_STANDARD = "gnu++0x";
				CLANG_CXX_LIBRARY = "libc++";
				CLANG_ENABLE_MODULES = YES;
				CLANG_ENABLE_OBJC_ARC = YES;
				CLANG_WARN_BOOL_CONVERSION = YES;
				CLANG_WARN_CONSTANT_CONVERSION = YES;
				CLANG_WARN_DIRECT_OBJC_ISA_USAGE = YES_ERROR;
				CLANG_WARN_EMPTY_BODY = YES;
				CLANG_WARN_ENUM_CONVERSION = YES;
				CLANG_WARN_INT_CONVERSION = YES;
				CLANG_WARN_OBJC_ROOT_CLASS = YES_ERROR;
				CLANG_WARN__DUPLICATE_METHOD_MATCH = YES;
				"CODE_SIGN_IDENTITY[sdk=iphoneos*]" = "iPhone Developer";
				COPY_PHASE_STRIP = YES;
				ENABLE_NS_ASSERTIONS = NO;
				GCC_C_LANGUAGE_STANDARD = gnu99;
				GCC_WARN_64_TO_32_BIT_CONVERSION = YES;
				GCC_WARN_ABOUT_RETURN_TYPE = YES_ERROR;
				GCC_WARN_UNDECLARED_SELECTOR = YES;
				GCC_WARN_UNINITIALIZED_AUTOS = YES;
				GCC_WARN_UNUSED_FUNCTION = YES;
				GCC_WARN_UNUSED_VARIABLE = YES;
				IPHONEOS_DEPLOYMENT_TARGET = 7.0;
				SDKROOT = iphoneos;
				VALIDATE_PRODUCT = YES;
			};
			name = Release;
		};
		A3DC638E18549BE30091E002 /* Debug */ = {
			isa = XCBuildConfiguration;
			buildSettings = {
				ASSETCATALOG_COMPILER_APPICON_NAME = AppIcon;
				ASSETCATALOG_COMPILER_LAUNCHIMAGE_NAME = LaunchImage;
				CODE_SIGN_IDENTITY = "iPhone Developer";
				GCC_PRECOMPILE_PREFIX_HEADER = YES;
				GCC_PREFIX_HEADER = "SimpleTable/SimpleTable-Prefix.pch";
				INFOPLIST_FILE = "SimpleTable/SimpleTable-Info.plist";
				PRODUCT_NAME = "$(TARGET_NAME)";
				TARGETED_DEVICE_FAMILY = 1;
				WRAPPER_EXTENSION = app;
			};
			name = Debug;
		};
		A3DC638F18549BE30091E002 /* Release */ = {
			isa = XCBuildConfiguration;
			buildSettings = {
				ASSETCATALOG_COMPILER_APPICON_NAME = AppIcon;
				ASSETCATALOG_COMPILER_LAUNCHIMAGE_NAME = LaunchImage;
				CODE_SIGN_IDENTITY = "iPhone Developer";
				GCC_PRECOMPILE_PREFIX_HEADER = YES;
				GCC_PREFIX_HEADER = "SimpleTable/SimpleTable-Prefix.pch";
				INFOPLIST_FILE = "SimpleTable/SimpleTable-Info.plist";
				PRODUCT_NAME = "$(TARGET_NAME)";
				TARGETED_DEVICE_FAMILY = 1;
				WRAPPER_EXTENSION = app;
			};
			name = Release;
		};
		A3DC639118549BE30091E002 /* Debug */ = {
			isa = XCBuildConfiguration;
			buildSettings = {
				ARCHS = "$(ARCHS_STANDARD_INCLUDING_64_BIT)";
				BUNDLE_LOADER = "$(BUILT_PRODUCTS_DIR)/SimpleTable.app/SimpleTable";
				FRAMEWORK_SEARCH_PATHS = (
					"$(SDKROOT)/Developer/Library/Frameworks",
					"$(inherited)",
					"$(DEVELOPER_FRAMEWORKS_DIR)",
				);
				GCC_PRECOMPILE_PREFIX_HEADER = YES;
				GCC_PREFIX_HEADER = "SimpleTable/SimpleTable-Prefix.pch";
				GCC_PREPROCESSOR_DEFINITIONS = (
					"DEBUG=1",
					"$(inherited)",
				);
				INFOPLIST_FILE = "SimpleTableTests/SimpleTableTests-Info.plist";
				PRODUCT_NAME = "$(TARGET_NAME)";
				TEST_HOST = "$(BUNDLE_LOADER)";
				WRAPPER_EXTENSION = xctest;
			};
			name = Debug;
		};
		A3DC639218549BE30091E002 /* Release */ = {
			isa = XCBuildConfiguration;
			buildSettings = {
				ARCHS = "$(ARCHS_STANDARD_INCLUDING_64_BIT)";
				BUNDLE_LOADER = "$(BUILT_PRODUCTS_DIR)/SimpleTable.app/SimpleTable";
				FRAMEWORK_SEARCH_PATHS = (
					"$(SDKROOT)/Developer/Library/Frameworks",
					"$(inherited)",
					"$(DEVELOPER_FRAMEWORKS_DIR)",
				);
				GCC_PRECOMPILE_PREFIX_HEADER = YES;
				GCC_PREFIX_HEADER = "SimpleTable/SimpleTable-Prefix.pch";
				INFOPLIST_FILE = "SimpleTableTests/SimpleTableTests-Info.plist";
				PRODUCT_NAME = "$(TARGET_NAME)";
				TEST_HOST = "$(BUNDLE_LOADER)";
				WRAPPER_EXTENSION = xctest;
			};
			name = Release;
		};
/* End XCBuildConfiguration section */

/* Begin XCConfigurationList section */
		A3DC635C18549BE30091E002 /* Build configuration list for PBXProject "SimpleTable" */ = {
			isa = XCConfigurationList;
			buildConfigurations = (
				A3DC638B18549BE30091E002 /* Debug */,
				A3DC638C18549BE30091E002 /* Release */,
			);
			defaultConfigurationIsVisible = 0;
			defaultConfigurationName = Release;
		};
		A3DC638D18549BE30091E002 /* Build configuration list for PBXNativeTarget "SimpleTable" */ = {
			isa = XCConfigurationList;
			buildConfigurations = (
				A3DC638E18549BE30091E002 /* Debug */,
				A3DC638F18549BE30091E002 /* Release */,
			);
			defaultConfigurationIsVisible = 0;
			defaultConfigurationName = Release;
		};
		A3DC639018549BE30091E002 /* Build configuration list for PBXNativeTarget "SimpleTableTests" */ = {
			isa = XCConfigurationList;
			buildConfigurations = (
				A3DC639118549BE30091E002 /* Debug */,
				A3DC639218549BE30091E002 /* Release */,
			);
			defaultConfigurationIsVisible = 0;
			defaultConfigurationName = Release;
		};
/* End XCConfigurationList section */
	};
	rootObject = A3DC635918549BE30091E002 /* Project object */;
}
